
Microsoft Visual Studio Solution File, Format Version 9.00
# Visual Studio 2005
Project("{FAE04EC0-301F-11D3-BF4B-00C04F79EFBC}") = "seems", "seems.csproj", "{2399F68B-D886-4D94-AB4B-700FE3E46849}"
	ProjectSection(ProjectDependencies) = postProject
		{C01A9C82-B87D-411D-8AED-700AFEE1CF8D} = {C01A9C82-B87D-411D-8AED-700AFEE1CF8D}
		{C8DCD898-FBF1-444E-A510-155780292899} = {C8DCD898-FBF1-444E-A510-155780292899}
	EndProjectSection
EndProject
Project("{8BC9CEB8-8B4A-11D0-8D11-00A0C91BC942}") = "ManagedInstrumentInterface", "..\ManagedInstrumentInterface\ManagedInstrumentInterface.vcproj", "{C01A9C82-B87D-411D-8AED-700AFEE1CF8D}"
EndProject
Project("{FAE04EC0-301F-11D3-BF4B-00C04F79EFBC}") = "HeaderComboBox", "HeaderComboBox\HeaderComboBox.csproj", "{C8DCD898-FBF1-444E-A510-155780292899}"
EndProject
Project("{FAE04EC0-301F-11D3-BF4B-00C04F79EFBC}") = "ZedGraph", "C:\test\zedgraph\zedgraph_source_v514_464\ZedGraph 5.1 (.net 2)\source\ZedGraph.csproj", "{2541686B-1673-43BF-AF89-3163945DB009}"
EndProject
Global
	GlobalSection(SolutionConfigurationPlatforms) = preSolution
		Debug|Any CPU = Debug|Any CPU
		Debug|Mixed Platforms = Debug|Mixed Platforms
		Debug|Win32 = Debug|Win32
		Release|Any CPU = Release|Any CPU
		Release|Mixed Platforms = Release|Mixed Platforms
		Release|Win32 = Release|Win32
	EndGlobalSection
	GlobalSection(ProjectConfigurationPlatforms) = postSolution
		{2399F68B-D886-4D94-AB4B-700FE3E46849}.Debug|Any CPU.ActiveCfg = Debug|Any CPU
		{2399F68B-D886-4D94-AB4B-700FE3E46849}.Debug|Any CPU.Build.0 = Debug|Any CPU
		{2399F68B-D886-4D94-AB4B-700FE3E46849}.Debug|Mixed Platforms.ActiveCfg = Debug|Any CPU
		{2399F68B-D886-4D94-AB4B-700FE3E46849}.Debug|Mixed Platforms.Build.0 = Debug|Any CPU
		{2399F68B-D886-4D94-AB4B-700FE3E46849}.Debug|Win32.ActiveCfg = Debug|Any CPU
		{2399F68B-D886-4D94-AB4B-700FE3E46849}.Release|Any CPU.ActiveCfg = Release|Any CPU
		{2399F68B-D886-4D94-AB4B-700FE3E46849}.Release|Any CPU.Build.0 = Release|Any CPU
		{2399F68B-D886-4D94-AB4B-700FE3E46849}.Release|Mixed Platforms.ActiveCfg = Release|Any CPU
		{2399F68B-D886-4D94-AB4B-700FE3E46849}.Release|Mixed Platforms.Build.0 = Release|Any CPU
		{2399F68B-D886-4D94-AB4B-700FE3E46849}.Release|Win32.ActiveCfg = Release|Any CPU
		{C01A9C82-B87D-411D-8AED-700AFEE1CF8D}.Debug|Any CPU.ActiveCfg = Debug|Win32
		{C01A9C82-B87D-411D-8AED-700AFEE1CF8D}.Debug|Mixed Platforms.ActiveCfg = Debug|Win32
		{C01A9C82-B87D-411D-8AED-700AFEE1CF8D}.Debug|Mixed Platforms.Build.0 = Debug|Win32
		{C01A9C82-B87D-411D-8AED-700AFEE1CF8D}.Debug|Win32.ActiveCfg = Debug|Win32
		{C01A9C82-B87D-411D-8AED-700AFEE1CF8D}.Debug|Win32.Build.0 = Debug|Win32
		{C01A9C82-B87D-411D-8AED-700AFEE1CF8D}.Release|Any CPU.ActiveCfg = Release|Win32
		{C01A9C82-B87D-411D-8AED-700AFEE1CF8D}.Release|Mixed Platforms.ActiveCfg = Release|Win32
		{C01A9C82-B87D-411D-8AED-700AFEE1CF8D}.Release|Mixed Platforms.Build.0 = Release|Win32
		{C01A9C82-B87D-411D-8AED-700AFEE1CF8D}.Release|Win32.ActiveCfg = Release|Win32
		{C01A9C82-B87D-411D-8AED-700AFEE1CF8D}.Release|Win32.Build.0 = Release|Win32
		{C8DCD898-FBF1-444E-A510-155780292899}.Debug|Any CPU.ActiveCfg = Debug|Any CPU
		{C8DCD898-FBF1-444E-A510-155780292899}.Debug|Any CPU.Build.0 = Debug|Any CPU
		{C8DCD898-FBF1-444E-A510-155780292899}.Debug|Mixed Platforms.ActiveCfg = Debug|Any CPU
		{C8DCD898-FBF1-444E-A510-155780292899}.Debug|Mixed Platforms.Build.0 = Debug|Any CPU
		{C8DCD898-FBF1-444E-A510-155780292899}.Debug|Win32.ActiveCfg = Debug|Any CPU
		{C8DCD898-FBF1-444E-A510-155780292899}.Release|Any CPU.ActiveCfg = Release|Any CPU
		{C8DCD898-FBF1-444E-A510-155780292899}.Release|Any CPU.Build.0 = Release|Any CPU
		{C8DCD898-FBF1-444E-A510-155780292899}.Release|Mixed Platforms.ActiveCfg = Release|Any CPU
		{C8DCD898-FBF1-444E-A510-155780292899}.Release|Mixed Platforms.Build.0 = Release|Any CPU
		{C8DCD898-FBF1-444E-A510-155780292899}.Release|Win32.ActiveCfg = Release|Any CPU
		{2541686B-1673-43BF-AF89-3163945DB009}.Debug|Any CPU.ActiveCfg = Debug|Any CPU
		{2541686B-1673-43BF-AF89-3163945DB009}.Debug|Any CPU.Build.0 = Debug|Any CPU
		{2541686B-1673-43BF-AF89-3163945DB009}.Debug|Mixed Platforms.ActiveCfg = Debug|Any CPU
		{2541686B-1673-43BF-AF89-3163945DB009}.Debug|Mixed Platforms.Build.0 = Debug|Any CPU
		{2541686B-1673-43BF-AF89-3163945DB009}.Debug|Win32.ActiveCfg = Debug|Any CPU
		{2541686B-1673-43BF-AF89-3163945DB009}.Release|Any CPU.ActiveCfg = Release|Any CPU
		{2541686B-1673-43BF-AF89-3163945DB009}.Release|Any CPU.Build.0 = Release|Any CPU
		{2541686B-1673-43BF-AF89-3163945DB009}.Release|Mixed Platforms.ActiveCfg = Release|Any CPU
		{2541686B-1673-43BF-AF89-3163945DB009}.Release|Mixed Platforms.Build.0 = Release|Any CPU
		{2541686B-1673-43BF-AF89-3163945DB009}.Release|Win32.ActiveCfg = Release|Any CPU
	EndGlobalSection
	GlobalSection(SolutionProperties) = preSolution
		HideSolutionNode = FALSE
	EndGlobalSection
EndGlobal
